
Microsoft Visual Studio Solution File, Format Version 12.00
Project("{2150E333-8FDC-42A3-9474-1A3956D46DE8}") = "src", "src", "{D89F9EDB-3FF4-4A06-8A96-23FF09A8A6DF}"
EndProject
Project("{2150E333-8FDC-42A3-9474-1A3956D46DE8}") = "tests", "tests", "{EE3D559F-B3F0-4D96-9A1F-C4466216EE6B}"
EndProject
Project("{2150E333-8FDC-42A3-9474-1A3956D46DE8}") = "services", "services", "{937BE5CE-E049-48ED-B05E-3B0B6A35DF95}"
EndProject
Project("{FAE04EC0-301F-11D3-BF4B-00C04F79EFBC}") = "TicketService.Test", "TicketService.Test\TicketService.Test.csproj", "{4A6D1C52-9780-4064-8346-2978E7F816F2}"
EndProject
Project("{FAE04EC0-301F-11D3-BF4B-00C04F79EFBC}") = "FlightService.Test", "FlightService.Test\FlightService.Test.csproj", "{05531F1C-050D-4C62-BA87-07D566AAD98A}"
EndProject
Project("{FAE04EC0-301F-11D3-BF4B-00C04F79EFBC}") = "BonusService.Test", "BonusService.Test\BonusService.Test.csproj", "{A002AACD-AA41-4240-87B4-8C996CD16D39}"
EndProject
Project("{2150E333-8FDC-42A3-9474-1A3956D46DE8}") = "BonusService", "BonusService", "{7A98DE37-1F59-4BC1-8065-3844029E3C0F}"
EndProject
Project("{2150E333-8FDC-42A3-9474-1A3956D46DE8}") = "FlightService", "FlightService", "{3BC0BD6D-D7BE-4C6D-982C-798B7D17FBA6}"
EndProject
Project("{2150E333-8FDC-42A3-9474-1A3956D46DE8}") = "TicketService", "TicketService", "{D0F4EB1C-4078-4934-9B9B-755B8D50DF02}"
EndProject
Project("{FAE04EC0-301F-11D3-BF4B-00C04F79EFBC}") = "BonusServiceApi", "BonusServiceApi\BonusServiceApi.csproj", "{EBC13C28-2806-4483-A91A-736B1931B1A0}"
EndProject
Project("{FAE04EC0-301F-11D3-BF4B-00C04F79EFBC}") = "FlightServiceApi", "FlightServiceApi\FlightServiceApi.csproj", "{5973988C-053B-4E3C-8145-7A0909F7416C}"
EndProject
Project("{FAE04EC0-301F-11D3-BF4B-00C04F79EFBC}") = "TicketServiceApi", "TicketServiceApi\TicketServiceApi.csproj", "{C536CB86-0735-4E0F-BDAB-47B291CE15B1}"
EndProject
Project("{2150E333-8FDC-42A3-9474-1A3956D46DE8}") = "gateways", "gateways", "{21DE1E65-B034-4642-B198-31CF356EA690}"
EndProject
Project("{FAE04EC0-301F-11D3-BF4B-00C04F79EFBC}") = "GatewayService", "GatewayService\GatewayService.csproj", "{903DF7AA-C067-40A4-B1C2-F39656D5576E}"
EndProject
Global
	GlobalSection(SolutionConfigurationPlatforms) = preSolution
		Debug|Any CPU = Debug|Any CPU
		Release|Any CPU = Release|Any CPU
	EndGlobalSection
	GlobalSection(ProjectConfigurationPlatforms) = postSolution
		{4A6D1C52-9780-4064-8346-2978E7F816F2}.Debug|Any CPU.ActiveCfg = Debug|Any CPU
		{4A6D1C52-9780-4064-8346-2978E7F816F2}.Debug|Any CPU.Build.0 = Debug|Any CPU
		{4A6D1C52-9780-4064-8346-2978E7F816F2}.Release|Any CPU.ActiveCfg = Release|Any CPU
		{4A6D1C52-9780-4064-8346-2978E7F816F2}.Release|Any CPU.Build.0 = Release|Any CPU
		{05531F1C-050D-4C62-BA87-07D566AAD98A}.Debug|Any CPU.ActiveCfg = Debug|Any CPU
		{05531F1C-050D-4C62-BA87-07D566AAD98A}.Debug|Any CPU.Build.0 = Debug|Any CPU
		{05531F1C-050D-4C62-BA87-07D566AAD98A}.Release|Any CPU.ActiveCfg = Release|Any CPU
		{05531F1C-050D-4C62-BA87-07D566AAD98A}.Release|Any CPU.Build.0 = Release|Any CPU
		{A002AACD-AA41-4240-87B4-8C996CD16D39}.Debug|Any CPU.ActiveCfg = Debug|Any CPU
		{A002AACD-AA41-4240-87B4-8C996CD16D39}.Debug|Any CPU.Build.0 = Debug|Any CPU
		{A002AACD-AA41-4240-87B4-8C996CD16D39}.Release|Any CPU.ActiveCfg = Release|Any CPU
		{A002AACD-AA41-4240-87B4-8C996CD16D39}.Release|Any CPU.Build.0 = Release|Any CPU
		{EBC13C28-2806-4483-A91A-736B1931B1A0}.Debug|Any CPU.ActiveCfg = Debug|Any CPU
		{EBC13C28-2806-4483-A91A-736B1931B1A0}.Debug|Any CPU.Build.0 = Debug|Any CPU
		{EBC13C28-2806-4483-A91A-736B1931B1A0}.Release|Any CPU.ActiveCfg = Release|Any CPU
		{EBC13C28-2806-4483-A91A-736B1931B1A0}.Release|Any CPU.Build.0 = Release|Any CPU
		{5973988C-053B-4E3C-8145-7A0909F7416C}.Debug|Any CPU.ActiveCfg = Debug|Any CPU
		{5973988C-053B-4E3C-8145-7A0909F7416C}.Debug|Any CPU.Build.0 = Debug|Any CPU
		{5973988C-053B-4E3C-8145-7A0909F7416C}.Release|Any CPU.ActiveCfg = Release|Any CPU
		{5973988C-053B-4E3C-8145-7A0909F7416C}.Release|Any CPU.Build.0 = Release|Any CPU
		{C536CB86-0735-4E0F-BDAB-47B291CE15B1}.Debug|Any CPU.ActiveCfg = Debug|Any CPU
		{C536CB86-0735-4E0F-BDAB-47B291CE15B1}.Debug|Any CPU.Build.0 = Debug|Any CPU
		{C536CB86-0735-4E0F-BDAB-47B291CE15B1}.Release|Any CPU.ActiveCfg = Release|Any CPU
		{C536CB86-0735-4E0F-BDAB-47B291CE15B1}.Release|Any CPU.Build.0 = Release|Any CPU
		{903DF7AA-C067-40A4-B1C2-F39656D5576E}.Debug|Any CPU.ActiveCfg = Debug|Any CPU
		{903DF7AA-C067-40A4-B1C2-F39656D5576E}.Debug|Any CPU.Build.0 = Debug|Any CPU
		{903DF7AA-C067-40A4-B1C2-F39656D5576E}.Release|Any CPU.ActiveCfg = Release|Any CPU
		{903DF7AA-C067-40A4-B1C2-F39656D5576E}.Release|Any CPU.Build.0 = Release|Any CPU
	EndGlobalSection
	GlobalSection(NestedProjects) = preSolution
		{937BE5CE-E049-48ED-B05E-3B0B6A35DF95} = {D89F9EDB-3FF4-4A06-8A96-23FF09A8A6DF}
		{4A6D1C52-9780-4064-8346-2978E7F816F2} = {EE3D559F-B3F0-4D96-9A1F-C4466216EE6B}
		{05531F1C-050D-4C62-BA87-07D566AAD98A} = {EE3D559F-B3F0-4D96-9A1F-C4466216EE6B}
		{A002AACD-AA41-4240-87B4-8C996CD16D39} = {EE3D559F-B3F0-4D96-9A1F-C4466216EE6B}
		{7A98DE37-1F59-4BC1-8065-3844029E3C0F} = {937BE5CE-E049-48ED-B05E-3B0B6A35DF95}
		{3BC0BD6D-D7BE-4C6D-982C-798B7D17FBA6} = {937BE5CE-E049-48ED-B05E-3B0B6A35DF95}
		{D0F4EB1C-4078-4934-9B9B-755B8D50DF02} = {937BE5CE-E049-48ED-B05E-3B0B6A35DF95}
		{EBC13C28-2806-4483-A91A-736B1931B1A0} = {7A98DE37-1F59-4BC1-8065-3844029E3C0F}
		{5973988C-053B-4E3C-8145-7A0909F7416C} = {3BC0BD6D-D7BE-4C6D-982C-798B7D17FBA6}
		{C536CB86-0735-4E0F-BDAB-47B291CE15B1} = {D0F4EB1C-4078-4934-9B9B-755B8D50DF02}
		{21DE1E65-B034-4642-B198-31CF356EA690} = {D89F9EDB-3FF4-4A06-8A96-23FF09A8A6DF}
		{903DF7AA-C067-40A4-B1C2-F39656D5576E} = {21DE1E65-B034-4642-B198-31CF356EA690}
	EndGlobalSection
EndGlobal
